# This file is automatically @generated by Poetry 1.7.1 and should not be changed by hand.

[[package]]
name = "markdown-it-py"
version = "2.2.0"
description = "Python port of markdown-it. Markdown parsing, done right!"
optional = false
python-versions = ">=3.7"
files = [
    {file = "markdown-it-py-2.2.0.tar.gz", hash = "sha256:7c9a5e412688bc771c67432cbfebcdd686c93ce6484913dccf06cb5a0bea35a1"},
    {file = "markdown_it_py-2.2.0-py3-none-any.whl", hash = "sha256:5a35f8d1870171d9acc47b99612dc146129b631baf04970128b568f190d0cc30"},
]

[package.dependencies]
mdurl = ">=0.1,<1.0"
typing_extensions = {version = ">=3.7.4", markers = "python_version < \"3.8\""}

[package.extras]
benchmarking = ["psutil", "pytest", "pytest-benchmark"]
code-style = ["pre-commit (>=3.0,<4.0)"]
compare = ["commonmark (>=0.9,<1.0)", "markdown (>=3.4,<4.0)", "mistletoe (>=1.0,<2.0)", "mistune (>=2.0,<3.0)", "panflute (>=2.3,<3.0)"]
linkify = ["linkify-it-py (>=1,<3)"]
plugins = ["mdit-py-plugins"]
profiling = ["gprof2dot"]
rtd = ["attrs", "myst-parser", "pyyaml", "sphinx", "sphinx-copybutton", "sphinx-design", "sphinx_book_theme"]
testing = ["coverage", "pytest", "pytest-cov", "pytest-regressions"]

[[package]]
name = "mdurl"
version = "0.1.2"
description = "Markdown URL utilities"
optional = false
python-versions = ">=3.7"
files = [
    {file = "mdurl-0.1.2-py3-none-any.whl", hash = "sha256:84008a41e51615a49fc9966191ff91509e3c40b939176e643fd50a5c2196b8f8"},
    {file = "mdurl-0.1.2.tar.gz", hash = "sha256:bb413d29f5eea38f31dd4754dd7377d4465116fb207585f97bf925588687c1ba"},
]

[[package]]
name = "pygments"
version = "2.17.2"
description = "Pygments is a syntax highlighting package written in Python."
optional = false
python-versions = ">=3.7"
files = [
    {file = "pygments-2.17.2-py3-none-any.whl", hash = "sha256:b27c2826c47d0f3219f29554824c30c5e8945175d888647acd804ddd04af846c"},
    {file = "pygments-2.17.2.tar.gz", hash = "sha256:da46cec9fd2de5be3a8a784f434e4c4ab670b4ff54d605c4c2717e9d49c4c367"},
]

[package.extras]
plugins = ["importlib-metadata"]
windows-terminal = ["colorama (>=0.4.6)"]

[[package]]
name = "rich"
version = "13.8.0"
description = "Render rich text, tables, progress bars, syntax highlighting, markdown and more to the terminal"
optional = false
python-versions = ">=3.7.0"
files = [
    {file = "rich-13.8.0-py3-none-any.whl", hash = "sha256:2e85306a063b9492dffc86278197a60cbece75bcb766022f3436f567cae11bdc"},
    {file = "rich-13.8.0.tar.gz", hash = "sha256:a5ac1f1cd448ade0d59cc3356f7db7a7ccda2c8cbae9c7a90c28ff463d3e91f4"},
]

[package.dependencies]
markdown-it-py = ">=2.2.0"
pygments = ">=2.13.0,<3.0.0"
typing-extensions = {version = ">=4.0.0,<5.0", markers = "python_version < \"3.9\""}

[package.extras]
jupyter = ["ipywidgets (>=7.5.1,<9)"]

[[package]]
name = "rich-argparse"
version = "1.4.0"
description = "Rich help formatters for argparse and optparse"
optional = false
python-versions = ">=3.7"
files = [
    {file = "rich_argparse-1.4.0-py3-none-any.whl", hash = "sha256:68b263d3628d07b1d27cfe6ad896da2f5a5583ee2ba226aeeb24459840023b38"},
    {file = "rich_argparse-1.4.0.tar.gz", hash = "sha256:c275f34ea3afe36aec6342c2a2298893104b5650528941fb53c21067276dba19"},
]

[package.dependencies]
rich = ">=11.0.0"

[[package]]
name = "ruff"
version = "0.17.0"
description = "An extremely fast Python linter and code formatter, written in Rust."
optional = false
python-versions = ">=3.7"
files = [
    {file = "ruff-0.17.0-py3-none-linux_armv6l.whl", hash = "sha256:0e271826af9a20d18c6cfae8c51e82959167c24859686ddd3eb9a7f0842ce81e"},
    {file = "ruff-0.17.0-py3-none-macosx_10_12_x86_64.whl", hash = "sha256:5f0ca4a40f81403689c04f12966e22f44e329ae362072d8f1587b7bda87f603b"},
    {file = "ruff-0.17.0-py3-none-macosx_11_0_arm64.whl", hash = "sha256:cbf7149e0927dc3295d5d64679a4765576eef71b00782b2ae969ef82274d6bb9"},
    {file = "ruff-0.17.0-py3-none-manylinux_2_17_aarch64.manylinux2014_aarch64.whl", hash = "sha256:13ee90156522998c3037059d8f66885c8adeeaf7643bdce2caceee196ecd23e0"},
    {file = "ruff-0.17.0-py3-none-manylinux_2_17_armv7l.manylinux2014_armv7l.whl", hash = "sha256:3d8e4a002a94cd9d0dc48b51dc69d807a172b5b9bf2b668e656424dc5b55ead1"},
    {file = "ruff-0.17.0-py3-none-manylinux_2_17_i686.manylinux2014_i686.whl", hash = "sha256:c0b8a60c06a218c337e1161638d34757f83449243e2db161483ddf948e53ad14"},
    {file = "ruff-0.17.0-py3-none-manylinux_2_17_ppc64le.manylinux2014_ppc64le.whl", hash = "sha256:a330178bdffc4205dbf3bda11d93e059e388fd6546f8cdd304501a9160363c0d"},
    {file = "ruff-0.17.0-py3-none-manylinux_2_17_s390x.manylinux2014_s390x.whl", hash = "sha256:7bb08489e234876fa2da67ae3ea938e9a2156da80293e0e4365abd6973d98329"},
    {file = "ruff-0.17.0-py3-none-manylinux_2_17_x86_64.manylinux2014_x86_64.whl", hash = "sha256:bc73e7c133e82d55b5f15897b2a442d72c0cb4a0c886c46801ce3c247150b60c"},
    {file = "ruff-0.17.0-py3-none-manylinux_2_31_riscv64.whl", hash = "sha256:db4f74c533403ab70fe4007873f6ae0c9f94a8b03158cf48d78788e47cdbe399"},
    {file = "ruff-0.17.0-py3-none-musllinux_1_2_aarch64.whl", hash = "sha256:3d8cc360e666d1914e47b0777c6906d70cf18891a55532bd0a16844195d70859"},
    {file = "ruff-0.17.0-py3-none-musllinux_1_2_armv7l.whl", hash = "sha256:d66de796b726c4801e05fa99a2a8d7a780e107be222486c304ab61765561e866"},
    {file = "ruff-0.17.0-py3-none-musllinux_1_2_i686.whl", hash = "sha256:c3f268baf004aea944f040623327119527ea231af15f7fb7890e82cea0679589"},
    {file = "ruff-0.17.0-py3-none-musllinux_1_2_x86_64.whl", hash = "sha256:864b6c1acb6b0bccf94b5a3938a1531fd09aaca5e5659a2e7bf0f3cf2a685540"},
    {file = "ruff-0.17.0-py3-none-win32.whl", hash = "sha256:5e50aa5b84decd9fe5b0bb0e6f71c3b592f1767ed09faa4b7207d933961e35cd"},
    {file = "ruff-0.17.0-py3-none-win_amd64.whl", hash = "sha256:8ab76bcda86dfd28e13776cb5de3c7bcdcf1ae3d37ed761113d1a5a415dc134c"},
    {file = "ruff-0.17.0-py3-none-win_arm64.whl", hash = "sha256:c154c73ff43f9854395e24cac507af13078962e53d2b511605058d22af1fdb88"},
    {file = "ruff-0.17.0.tar.gz", hash = "sha256:5cd03240d8208a557c2a9655a5cb07ebe36aa6bb35065f97d48c1f6adef5a322"},
]

[[package]]
name = "typing-extensions"
version = "4.7.1"
description = "Backported and Experimental Type Hints for Python 3.7+"
optional = false
python-versions = ">=3.7"
files = [
    {file = "typing_extensions-4.7.1-py3-none-any.whl", hash = "sha256:440d5dd3af93b060174bf433bccd69b0babc3b15b1a8dca43789fd7f61514b36"},
    {file = "typing_extensions-4.7.1.tar.gz", hash = "sha256:b75ddc264f0ba5615db7ba217daeb99701ad295353c45f9e95963337ceeeffb2"},
]

[metadata]
lock-version = "2.0"
python-versions = "^3.7"
content-hash = "439d7600f8395fa25df629a9a2b04cadb1e7b365e91ee2c2e86e93f326fd9d81"
